# This file is autogenerated, do not edit; changes may be undone by the next 'dep ensure'.


[[projects]]
  branch = "master"
  digest = "1:bb93a40e70eb924b99eef666b73cb0b7b33fc39a8f5e232d27dd0006d0870067"
  name = "github.com/bank-now/bn-common-io"
  packages = [
    "queues/pub",
    "queues/sub",
    "rest",
  ]
  pruneopts = "UT"
  revision = "0a2cb06b39319c83704cb0e47003437625f86eb2"

[[projects]]
  branch = "master"
  digest = "1:4d1a1f2a32002f4b53bb312be7c0418e0cfe8dff41638f6045ab3d7e2616434b"
  name = "github.com/bank-now/bn-common-model"
  packages = [
    "common/model",
    "common/operation",
  ]
  pruneopts = "UT"
  revision = "f52b678ad6f7b5e754afc1a91ea530c0563db163"

[[projects]]
  branch = "master"
  digest = "1:4a0c6bb4805508a6287675fac876be2ac1182539ca8a32468d8128882e9d5009"
  name = "github.com/golang/snappy"
  packages = ["."]
  pruneopts = "UT"
  revision = "2e65f85255dbc3072edf28d6b5b8efc472979f5a"

[[projects]]
  digest = "1:3a26588bc48b96825977c1b3df964f8fd842cd6860cc26370588d3563433cf11"
  name = "github.com/google/uuid"
  packages = ["."]
  pruneopts = "UT"
  revision = "d460ce9f8df2e77fb1ba55ca87fafed96c607494"
  version = "v1.0.0"

[[projects]]
  digest = "1:bb48459ec76efe45f13094480296462ef5c9aaa56662918819b7a8fce3155b8b"
  name = "github.com/nsqio/go-nsq"
  packages = ["."]
  pruneopts = "UT"
  revision = "eee57a3ac4174c55924125bb15eeeda8cffb6e6f"
  version = "v1.0.7"

[solve-meta]
  analyzer-name = "dep"
  analyzer-version = 1
  input-imports = [
    "github.com/bank-now/bn-common-io/queues/pub",
    "github.com/bank-now/bn-common-io/queues/sub",
    "github.com/bank-now/bn-common-io/rest",
    "github.com/bank-now/bn-common-model/common/model",
    "github.com/bank-now/bn-common-model/common/operation",
    "github.com/google/uuid",
    "github.com/nsqio/go-nsq",
  ]
  solver-name = "gps-cdcl"
  solver-version = 1
